
Microsoft Visual Studio Solution File, Format Version 12.00
# Visual Studio Version 17
VisualStudioVersion = 17.4.33110.190
MinimumVisualStudioVersion = 10.0.40219.1
Project("{FAE04EC0-301F-11D3-BF4B-00C04F79EFBC}") = "prjMSIT145-Final", "prjMSIT145-Final\prjMSIT145-Final.csproj", "{41BDA6D1-0735-48C4-A022-987831BA0DC4}"
EndProject
Global
	GlobalSection(SolutionConfigurationPlatforms) = preSolution
		Debug|Any CPU = Debug|Any CPU
		Release|Any CPU = Release|Any CPU
	EndGlobalSection
	GlobalSection(ProjectConfigurationPlatforms) = postSolution
		{41BDA6D1-0735-48C4-A022-987831BA0DC4}.Debug|Any CPU.ActiveCfg = Debug|Any CPU
		{41BDA6D1-0735-48C4-A022-987831BA0DC4}.Debug|Any CPU.Build.0 = Debug|Any CPU
		{41BDA6D1-0735-48C4-A022-987831BA0DC4}.Release|Any CPU.ActiveCfg = Release|Any CPU
		{41BDA6D1-0735-48C4-A022-987831BA0DC4}.Release|Any CPU.Build.0 = Release|Any CPU
	EndGlobalSection
	GlobalSection(SolutionProperties) = preSolution
		HideSolutionNode = FALSE
	EndGlobalSection
	GlobalSection(ExtensibilityGlobals) = postSolution
		SolutionGuid = {6972B389-7425-4EEB-BBCE-ABDAC31B04D3}
	EndGlobalSection
EndGlobal
